{
    "version": 3,
    "terraform_version": "0.11.8",
    "serial": 3,
    "lineage": "40b0bec5-a28a-2869-51fa-622fc1b93e61",
    "modules": [
        {
            "path": [
                "root"
            ],
            "outputs": {},
            "resources": {
                "vcd_network.net": {
                    "type": "vcd_network",
                    "depends_on": [],
                    "primary": {
                        "id": "my-test_net_01",
                        "attributes": {
                            "dhcp_pool.#": "1",
                            "dhcp_pool.3436858177.end_address": "10.10.0.100",
                            "dhcp_pool.3436858177.start_address": "10.10.0.2",
                            "dns1": "8.8.8.8",
                            "dns2": "8.8.4.4",
                            "edge_gateway": "Edge Gateway Name",
                            "fence_mode": "natRouted",
                            "gateway": "10.10.0.1",
                            "href": "https://api.vcd.pod0000b.sys00005.portal.skyscapecloud.com/api/network/82282c1c-9381-428e-a6cd-ebeb8e71a1fb",
                            "id": "my-test_net_01",
                            "name": "my-test_net_01",
                            "netmask": "255.255.255.0",
                            "static_ip_pool.#": "1",
                            "static_ip_pool.3280323085.end_address": "10.10.0.254",
                            "static_ip_pool.3280323085.start_address": "10.10.0.152"
                        },
                        "meta": {},
                        "tainted": false
                    },
                    "deposed": [],
                    "provider": "provider.vcd"
                },
                "vcd_vapp.web": {
                    "type": "vcd_vapp",
                    "depends_on": [
                        "vcd_network.net"
                    ],
                    "primary": {
                        "id": "web",
                        "attributes": {
                            "catalog_name": "Skyscape Catalogue",
                            "cpus": "1",
                            "description": "terrafrom vapp",
                            "id": "web",
                            "ip": "10.10.0.160",
                            "memory": "2048",
                            "name": "web",
                            "network_name": "my-test_net_01",
                            "power_on": "true",
                            "template_name": "UKCloud-Ubuntu-18.04-minimal"
                        },
                        "meta": {},
                        "tainted": false
                    },
                    "deposed": [],
                    "provider": "provider.vcd"
                }
            },
            "depends_on": []
        }
    ]
}
